// !$*UTF8*$!
{
	archiveVersion = 1;
	classes = {
	};
	objectVersion = 46;
	objects = {

/* Begin PBXBuildFile section */
		AE3098AC1C753B2B00A04C4F /* AppDelegate.swift in Sources */ = {isa = PBXBuildFile; fileRef = AE3098AB1C753B2B00A04C4F /* AppDelegate.swift */; };
		AE3098AE1C753B2B00A04C4F /* ViewController.swift in Sources */ = {isa = PBXBuildFile; fileRef = AE3098AD1C753B2B00A04C4F /* ViewController.swift */; };
		AE3098B11C753B2B00A04C4F /* Main.storyboard in Resources */ = {isa = PBXBuildFile; fileRef = AE3098AF1C753B2B00A04C4F /* Main.storyboard */; };
		AE3098B41C753B2B00A04C4F /* checkin.xcdatamodeld in Sources */ = {isa = PBXBuildFile; fileRef = AE3098B21C753B2B00A04C4F /* checkin.xcdatamodeld */; };
		AE3098B61C753B2B00A04C4F /* Assets.xcassets in Resources */ = {isa = PBXBuildFile; fileRef = AE3098B51C753B2B00A04C4F /* Assets.xcassets */; };
		AE3098C11C753C3900A04C4F /* ItemModel.swift in Sources */ = {isa = PBXBuildFile; fileRef = AE3098C01C753C3900A04C4F /* ItemModel.swift */; };
/* End PBXBuildFile section */

/* Begin PBXFileReference section */
		AE3098A81C753B2B00A04C4F /* checkin.app */ = {isa = PBXFileReference; explicitFileType = wrapper.application; includeInIndex = 0; path = checkin.app; sourceTree = BUILT_PRODUCTS_DIR; };
		AE3098AB1C753B2B00A04C4F /* AppDelegate.swift */ = {isa = PBXFileReference; lastKnownFileType = sourcecode.swift; path = AppDelegate.swift; sourceTree = "<group>"; };
		AE3098AD1C753B2B00A04C4F /* ViewController.swift */ = {isa = PBXFileReference; lastKnownFileType = sourcecode.swift; path = ViewController.swift; sourceTree = "<group>"; };
		AE3098B01C753B2B00A04C4F /* Base */ = {isa = PBXFileReference; lastKnownFileType = file.storyboard; name = Base; path = Base.lproj/Main.storyboard; sourceTree = "<group>"; };
		AE3098B31C753B2B00A04C4F /* checkin.xcdatamodel */ = {isa = PBXFileReference; lastKnownFileType = wrapper.xcdatamodel; path = checkin.xcdatamodel; sourceTree = "<group>"; };
		AE3098B51C753B2B00A04C4F /* Assets.xcassets */ = {isa = PBXFileReference; lastKnownFileType = folder.assetcatalog; path = Assets.xcassets; sourceTree = "<group>"; };
		AE3098BA1C753B2B00A04C4F /* Info.plist */ = {isa = PBXFileReference; lastKnownFileType = text.plist.xml; path = Info.plist; sourceTree = "<group>"; };
		AE3098C01C753C3900A04C4F /* ItemModel.swift */ = {isa = PBXFileReference; fileEncoding = 4; lastKnownFileType = sourcecode.swift; path = ItemModel.swift; sourceTree = "<group>"; };
/* End PBXFileReference section */

/* Begin PBXFrameworksBuildPhase section */
		AE3098A51C753B2B00A04C4F /* Frameworks */ = {
			isa = PBXFrameworksBuildPhase;
			buildActionMask = 2147483647;
			files = (
			);
			runOnlyForDeploymentPostprocessing = 0;
		};
/* End PBXFrameworksBuildPhase section */

/* Begin PBXGroup section */
		AE30989F1C753B2B00A04C4F = {
			isa = PBXGroup;
			children = (
				AE3098AA1C753B2B00A04C4F /* checkin */,
				AE3098A91C753B2B00A04C4F /* Products */,
			);
			sourceTree = "<group>";
		};
		AE3098A91C753B2B00A04C4F /* Products */ = {
			isa = PBXGroup;
			children = (
				AE3098A81C753B2B00A04C4F /* checkin.app */,
			);
			name = Products;
			sourceTree = "<group>";
		};
		AE3098AA1C753B2B00A04C4F /* checkin */ = {
			isa = PBXGroup;
			children = (
				AE3098AB1C753B2B00A04C4F /* AppDelegate.swift */,
				AE3098AD1C753B2B00A04C4F /* ViewController.swift */,
				AE3098C01C753C3900A04C4F /* ItemModel.swift */,
				AE3098AF1C753B2B00A04C4F /* Main.storyboard */,
				AE3098B51C753B2B00A04C4F /* Assets.xcassets */,
				AE3098BA1C753B2B00A04C4F /* Info.plist */,
				AE3098B21C753B2B00A04C4F /* checkin.xcdatamodeld */,
			);
			path = checkin;
			sourceTree = "<group>";
		};
/* End PBXGroup section */

/* Begin PBXNativeTarget section */
		AE3098A71C753B2B00A04C4F /* checkin */ = {
			isa = PBXNativeTarget;
			buildConfigurationList = AE3098BD1C753B2B00A04C4F /* Build configuration list for PBXNativeTarget "checkin" */;
			buildPhases = (
				AE3098A41C753B2B00A04C4F /* Sources */,
				AE3098A51C753B2B00A04C4F /* Frameworks */,
				AE3098A61C753B2B00A04C4F /* Resources */,
			);
			buildRules = (
			);
			dependencies = (
			);
			name = checkin;
			productName = checkin;
			productReference = AE3098A81C753B2B00A04C4F /* checkin.app */;
			productType = "com.apple.product-type.application";
		};
/* End PBXNativeTarget section */

/* Begin PBXProject section */
		AE3098A01C753B2B00A04C4F /* Project object */ = {
			isa = PBXProject;
			attributes = {
				LastSwiftUpdateCheck = 0720;
				LastUpgradeCheck = 0720;
				ORGANIZATIONNAME = "Henrique Guarnieri";
				TargetAttributes = {
					AE3098A71C753B2B00A04C4F = {
						CreatedOnToolsVersion = 7.2;
					};
				};
			};
			buildConfigurationList = AE3098A31C753B2B00A04C4F /* Build configuration list for PBXProject "checkin" */;
			compatibilityVersion = "Xcode 3.2";
			developmentRegion = English;
			hasScannedForEncodings = 0;
			knownRegions = (
				en,
				Base,
			);
			mainGroup = AE30989F1C753B2B00A04C4F;
			productRefGroup = AE3098A91C753B2B00A04C4F /* Products */;
			projectDirPath = "";
			projectRoot = "";
			targets = (
				AE3098A71C753B2B00A04C4F /* checkin */,
			);
		};
/* End PBXProject section */

/* Begin PBXResourcesBuildPhase section */
		AE3098A61C753B2B00A04C4F /* Resources */ = {
			isa = PBXResourcesBuildPhase;
			buildActionMask = 2147483647;
			files = (
				AE3098B61C753B2B00A04C4F /* Assets.xcassets in Resources */,
				AE3098B11C753B2B00A04C4F /* Main.storyboard in Resources */,
			);
			runOnlyForDeploymentPostprocessing = 0;
		};
/* End PBXResourcesBuildPhase section */

/* Begin PBXSourcesBuildPhase section */
		AE3098A41C753B2B00A04C4F /* Sources */ = {
			isa = PBXSourcesBuildPhase;
			buildActionMask = 2147483647;
			files = (
				AE3098B41C753B2B00A04C4F /* checkin.xcdatamodeld in Sources */,
				AE3098AE1C753B2B00A04C4F /* ViewController.swift in Sources */,
				AE3098C11C753C3900A04C4F /* ItemModel.swift in Sources */,
				AE3098AC1C753B2B00A04C4F /* AppDelegate.swift in Sources */,
			);
			runOnlyForDeploymentPostprocessing = 0;
		};
/* End PBXSourcesBuildPhase section */

/* Begin PBXVariantGroup section */
		AE3098AF1C753B2B00A04C4F /* Main.storyboard */ = {
			isa = PBXVariantGroup;
			children = (
				AE3098B01C753B2B00A04C4F /* Base */,
			);
			name = Main.storyboard;
			sourceTree = "<group>";
		};
/* End PBXVariantGroup section */

/* Begin XCBuildConfiguration section */
		AE3098BB1C753B2B00A04C4F /* Debug */ = {
			isa = XCBuildConfiguration;
			buildSettings = {
				ALWAYS_SEARCH_USER_PATHS = NO;
				CLANG_CXX_LANGUAGE_STANDARD = "gnu++0x";
				CLANG_CXX_LIBRARY = "libc++";
				CLANG_ENABLE_MODULES = YES;
				CLANG_ENABLE_OBJC_ARC = YES;
				CLANG_WARN_BOOL_CONVERSION = YES;
				CLANG_WARN_CONSTANT_CONVERSION = YES;
				CLANG_WARN_DIRECT_OBJC_ISA_USAGE = YES_ERROR;
				CLANG_WARN_EMPTY_BODY = YES;
				CLANG_WARN_ENUM_CONVERSION = YES;
				CLANG_WARN_INT_CONVERSION = YES;
				CLANG_WARN_OBJC_ROOT_CLASS = YES_ERROR;
				CLANG_WARN_UNREACHABLE_CODE = YES;
				CLANG_WARN__DUPLICATE_METHOD_MATCH = YES;
				"CODE_SIGN_IDENTITY[sdk=iphoneos*]" = "iPhone Developer";
				COPY_PHASE_STRIP = NO;
				DEBUG_INFORMATION_FORMAT = dwarf;
				ENABLE_STRICT_OBJC_MSGSEND = YES;
				ENABLE_TESTABILITY = YES;
				GCC_C_LANGUAGE_STANDARD = gnu99;
				GCC_DYNAMIC_NO_PIC = NO;
				GCC_NO_COMMON_BLOCKS = YES;
				GCC_OPTIMIZATION_LEVEL = 0;
				GCC_PREPROCESSOR_DEFINITIONS = (
					"DEBUG=1",
					"$(inherited)",
				);
				GCC_WARN_64_TO_32_BIT_CONVERSION = YES;
				GCC_WARN_ABOUT_RETURN_TYPE = YES_ERROR;
				GCC_WARN_UNDECLARED_SELECTOR = YES;
				GCC_WARN_UNINITIALIZED_AUTOS = YES_AGGRESSIVE;
				GCC_WARN_UNUSED_FUNCTION = YES;
				GCC_WARN_UNUSED_VARIABLE = YES;
				IPHONEOS_DEPLOYMENT_TARGET = 9.2;
				MTL_ENABLE_DEBUG_INFO = YES;
				ONLY_ACTIVE_ARCH = YES;
				SDKROOT = iphoneos;
				SWIFT_OPTIMIZATION_LEVEL = "-Onone";
				TARGETED_DEVICE_FAMILY = "1,2";
			};
			name = Debug;
		};
		AE3098BC1C753B2B00A04C4F /* Release */ = {
			isa = XCBuildConfiguration;
			buildSettings = {
				ALWAYS_SEARCH_USER_PATHS = NO;
				CLANG_CXX_LANGUAGE_STANDARD = "gnu++0x";
				CLANG_CXX_LIBRARY = "libc++";
				CLANG_ENABLE_MODULES = YES;
				CLANG_ENABLE_OBJC_ARC = YES;
				CLANG_WARN_BOOL_CONVERSION = YES;
				CLANG_WARN_CONSTANT_CONVERSION = YES;
				CLANG_WARN_DIRECT_OBJC_ISA_USAGE = YES_ERROR;
				CLANG_WARN_EMPTY_BODY = YES;
				CLANG_WARN_ENUM_CONVERSION = YES;
				CLANG_WARN_INT_CONVERSION = YES;
				CLANG_WARN_OBJC_ROOT_CLASS = YES_ERROR;
				CLANG_WARN_UNREACHABLE_CODE = YES;
				CLANG_WARN__DUPLICATE_METHOD_MATCH = YES;
				"CODE_SIGN_IDENTITY[sdk=iphoneos*]" = "iPhone Developer";
				COPY_PHASE_STRIP = NO;
				DEBUG_INFORMATION_FORMAT = "dwarf-with-dsym";
				ENABLE_NS_ASSERTIONS = NO;
				ENABLE_STRICT_OBJC_MSGSEND = YES;
				GCC_C_LANGUAGE_STANDARD = gnu99;
				GCC_NO_COMMON_BLOCKS = YES;
				GCC_WARN_64_TO_32_BIT_CONVERSION = YES;
				GCC_WARN_ABOUT_RETURN_TYPE = YES_ERROR;
				GCC_WARN_UNDECLARED_SELECTOR = YES;
				GCC_WARN_UNINITIALIZED_AUTOS = YES_AGGRESSIVE;
				GCC_WARN_UNUSED_FUNCTION = YES;
				GCC_WARN_UNUSED_VARIABLE = YES;
				IPHONEOS_DEPLOYMENT_TARGET = 9.2;
				MTL_ENABLE_DEBUG_INFO = NO;
				SDKROOT = iphoneos;
				TARGETED_DEVICE_FAMILY = "1,2";
				VALIDATE_PRODUCT = YES;
			};
			name = Release;
		};
		AE3098BE1C753B2B00A04C4F /* Debug */ = {
			isa = XCBuildConfiguration;
			buildSettings = {
				ASSETCATALOG_COMPILER_APPICON_NAME = AppIcon;
				INFOPLIST_FILE = checkin/Info.plist;
				LD_RUNPATH_SEARCH_PATHS = "$(inherited) @executable_path/Frameworks";
				PRODUCT_BUNDLE_IDENTIFIER = au.edu.adelaide.checkin;
				PRODUCT_NAME = "$(TARGET_NAME)";
			};
			name = Debug;
		};
		AE3098BF1C753B2B00A04C4F /* Release */ = {
			isa = XCBuildConfiguration;
			buildSettings = {
				ASSETCATALOG_COMPILER_APPICON_NAME = AppIcon;
				INFOPLIST_FILE = checkin/Info.plist;
				LD_RUNPATH_SEARCH_PATHS = "$(inherited) @executable_path/Frameworks";
				PRODUCT_BUNDLE_IDENTIFIER = au.edu.adelaide.checkin;
				PRODUCT_NAME = "$(TARGET_NAME)";
			};
			name = Release;
		};
/* End XCBuildConfiguration section */

/* Begin XCConfigurationList section */
		AE3098A31C753B2B00A04C4F /* Build configuration list for PBXProject "checkin" */ = {
			isa = XCConfigurationList;
			buildConfigurations = (
				AE3098BB1C753B2B00A04C4F /* Debug */,
				AE3098BC1C753B2B00A04C4F /* Release */,
			);
			defaultConfigurationIsVisible = 0;
			defaultConfigurationName = Release;
		};
		AE3098BD1C753B2B00A04C4F /* Build configuration list for PBXNativeTarget "checkin" */ = {
			isa = XCConfigurationList;
			buildConfigurations = (
				AE3098BE1C753B2B00A04C4F /* Debug */,
				AE3098BF1C753B2B00A04C4F /* Release */,
			);
			defaultConfigurationIsVisible = 0;
		};
/* End XCConfigurationList section */

/* Begin XCVersionGroup section */
		AE3098B21C753B2B00A04C4F /* checkin.xcdatamodeld */ = {
			isa = XCVersionGroup;
			children = (
				AE3098B31C753B2B00A04C4F /* checkin.xcdatamodel */,
			);
			currentVersion = AE3098B31C753B2B00A04C4F /* checkin.xcdatamodel */;
			path = checkin.xcdatamodeld;
			sourceTree = "<group>";
			versionGroupType = wrapper.xcdatamodel;
		};
/* End XCVersionGroup section */
	};
	rootObject = AE3098A01C753B2B00A04C4F /* Project object */;
}
